
Microsoft Visual Studio Solution File, Format Version 12.00
# Visual Studio Version 17
VisualStudioVersion = 17.11.35208.52
MinimumVisualStudioVersion = 10.0.40219.1
Project("{FAE04EC0-301F-11D3-BF4B-00C04F79EFBC}") = "INVENTORYSYSTEM_GROUP2", "INVENTORYSYSTEM_GROUP2.csproj", "{13CAFBDB-A2FC-4FDE-89AA-068708708BCC}"
EndProject
Global
	GlobalSection(SolutionConfigurationPlatforms) = preSolution
		Debug|Any CPU = Debug|Any CPU
		Release|Any CPU = Release|Any CPU
	EndGlobalSection
	GlobalSection(ProjectConfigurationPlatforms) = postSolution
		{13CAFBDB-A2FC-4FDE-89AA-068708708BCC}.Debug|Any CPU.ActiveCfg = Debug|Any CPU
		{13CAFBDB-A2FC-4FDE-89AA-068708708BCC}.Debug|Any CPU.Build.0 = Debug|Any CPU
		{13CAFBDB-A2FC-4FDE-89AA-068708708BCC}.Release|Any CPU.ActiveCfg = Release|Any CPU
		{13CAFBDB-A2FC-4FDE-89AA-068708708BCC}.Release|Any CPU.Build.0 = Release|Any CPU
	EndGlobalSection
	GlobalSection(SolutionProperties) = preSolution
		HideSolutionNode = FALSE
	EndGlobalSection
	GlobalSection(ExtensibilityGlobals) = postSolution
		SolutionGuid = {D69E1E02-9785-49D8-A774-7738B7418E77}
	EndGlobalSection
EndGlobal
